// !$*UTF8*$!
{
	archiveVersion = 1;
	classes = {
	};
	objectVersion = 48;
	objects = {

/* Begin PBXBuildFile section */
		B7319A8D20225D74003EAAB8 /* CrimeData.cpp in Sources */ = {isa = PBXBuildFile; fileRef = B7319A8B20225D73003EAAB8 /* CrimeData.cpp */; };
		B7CC5F872024EB2D00A625CE /* FileController.cpp in Sources */ = {isa = PBXBuildFile; fileRef = B7CC5F852024EB2D00A625CE /* FileController.cpp */; };
		B7EA2D48203F5352004D873C /* LinkedListTester.cpp in Sources */ = {isa = PBXBuildFile; fileRef = B7EA2D46203F5352004D873C /* LinkedListTester.cpp */; };
		B7EABA87202A33D20092C268 /* ArrayTester.cpp in Sources */ = {isa = PBXBuildFile; fileRef = B7EABA85202A33D20092C268 /* ArrayTester.cpp */; };
		B7EAF44B202244AD00A634A4 /* Runner.cpp in Sources */ = {isa = PBXBuildFile; fileRef = B7EAF44A202244AD00A634A4 /* Runner.cpp */; };
		B7EAF44E202244D300A634A4 /* Controller.cpp in Sources */ = {isa = PBXBuildFile; fileRef = B7EAF44C202244D300A634A4 /* Controller.cpp */; };
		B7EAF4522022470F00A634A4 /* Timer.cpp in Sources */ = {isa = PBXBuildFile; fileRef = B7EAF4502022470F00A634A4 /* Timer.cpp */; };
/* End PBXBuildFile section */

/* Begin PBXCopyFilesBuildPhase section */
		B7EAF43D2022448000A634A4 /* CopyFiles */ = {
			isa = PBXCopyFilesBuildPhase;
			buildActionMask = 2147483647;
			dstPath = /usr/share/man/man1/;
			dstSubfolderSpec = 0;
			files = (
			);
			runOnlyForDeploymentPostprocessing = 1;
		};
/* End PBXCopyFilesBuildPhase section */

/* Begin PBXFileReference section */
		B7319A8B20225D73003EAAB8 /* CrimeData.cpp */ = {isa = PBXFileReference; fileEncoding = 4; lastKnownFileType = sourcecode.cpp.cpp; path = CrimeData.cpp; sourceTree = "<group>"; };
		B7319A8C20225D73003EAAB8 /* CrimeData.hpp */ = {isa = PBXFileReference; fileEncoding = 4; lastKnownFileType = sourcecode.cpp.h; path = CrimeData.hpp; sourceTree = "<group>"; };
		B7CC5F842024EA8500A625CE /* crime.csv */ = {isa = PBXFileReference; fileEncoding = 4; lastKnownFileType = text; path = crime.csv; sourceTree = "<group>"; };
		B7CC5F852024EB2D00A625CE /* FileController.cpp */ = {isa = PBXFileReference; lastKnownFileType = sourcecode.cpp.cpp; path = FileController.cpp; sourceTree = "<group>"; };
		B7CC5F862024EB2D00A625CE /* FileController.hpp */ = {isa = PBXFileReference; lastKnownFileType = sourcecode.cpp.h; path = FileController.hpp; sourceTree = "<group>"; };
		B7E384A0202CD66B006A7407 /* Node.hpp */ = {isa = PBXFileReference; lastKnownFileType = sourcecode.cpp.h; path = Node.hpp; sourceTree = "<group>"; };
		B7EA2D46203F5352004D873C /* LinkedListTester.cpp */ = {isa = PBXFileReference; lastKnownFileType = sourcecode.cpp.cpp; path = LinkedListTester.cpp; sourceTree = "<group>"; };
		B7EA2D47203F5352004D873C /* LinkedListTester.hpp */ = {isa = PBXFileReference; lastKnownFileType = sourcecode.cpp.h; path = LinkedListTester.hpp; sourceTree = "<group>"; };
		B7EABA85202A33D20092C268 /* ArrayTester.cpp */ = {isa = PBXFileReference; lastKnownFileType = sourcecode.cpp.cpp; path = ArrayTester.cpp; sourceTree = "<group>"; };
		B7EABA86202A33D20092C268 /* ArrayTester.hpp */ = {isa = PBXFileReference; lastKnownFileType = sourcecode.cpp.h; path = ArrayTester.hpp; sourceTree = "<group>"; };
		B7EABA89202A363F0092C268 /* Array.hpp */ = {isa = PBXFileReference; lastKnownFileType = sourcecode.cpp.h; path = Array.hpp; sourceTree = "<group>"; };
		B7EAF43F2022448000A634A4 /* DataStructure */ = {isa = PBXFileReference; explicitFileType = "compiled.mach-o.executable"; includeInIndex = 0; path = DataStructure; sourceTree = BUILT_PRODUCTS_DIR; };
		B7EAF44A202244AD00A634A4 /* Runner.cpp */ = {isa = PBXFileReference; lastKnownFileType = sourcecode.cpp.cpp; path = Runner.cpp; sourceTree = "<group>"; };
		B7EAF44C202244D300A634A4 /* Controller.cpp */ = {isa = PBXFileReference; lastKnownFileType = sourcecode.cpp.cpp; path = Controller.cpp; sourceTree = "<group>"; };
		B7EAF44D202244D300A634A4 /* Controller.hpp */ = {isa = PBXFileReference; lastKnownFileType = sourcecode.cpp.h; path = Controller.hpp; sourceTree = "<group>"; };
		B7EAF4502022470F00A634A4 /* Timer.cpp */ = {isa = PBXFileReference; lastKnownFileType = sourcecode.cpp.cpp; path = Timer.cpp; sourceTree = "<group>"; };
		B7EAF4512022470F00A634A4 /* Timer.hpp */ = {isa = PBXFileReference; lastKnownFileType = sourcecode.cpp.h; path = Timer.hpp; sourceTree = "<group>"; };
		B7F7E8FA203CAFEF00BB8AEE /* List.hpp */ = {isa = PBXFileReference; lastKnownFileType = sourcecode.cpp.h; path = List.hpp; sourceTree = "<group>"; };
/* End PBXFileReference section */

/* Begin PBXFrameworksBuildPhase section */
		B7EAF43C2022448000A634A4 /* Frameworks */ = {
			isa = PBXFrameworksBuildPhase;
			buildActionMask = 2147483647;
			files = (
			);
			runOnlyForDeploymentPostprocessing = 0;
		};
/* End PBXFrameworksBuildPhase section */

/* Begin PBXGroup section */
		B7319A8E20225EDD003EAAB8 /* Diagrams */ = {
			isa = PBXGroup;
			children = (
			);
			path = Diagrams;
			sourceTree = "<group>";
		};
		B7319A8F20225EFA003EAAB8 /* Model */ = {
			isa = PBXGroup;
			children = (
				B7CC5F882024FF3800A625CE /* Structures */,
			);
			path = Model;
			sourceTree = "<group>";
		};
		B7CC5F882024FF3800A625CE /* Structures */ = {
			isa = PBXGroup;
			children = (
				B7E3849C202CD62A006A7407 /* Node */,
			);
			path = Structures;
			sourceTree = "<group>";
		};
		B7CC5F892024FF4E00A625CE /* Linear */ = {
			isa = PBXGroup;
			children = (
				B7EABA89202A363F0092C268 /* Array.hpp */,
				B7F7E8FA203CAFEF00BB8AEE /* List.hpp */,
			);
			path = Linear;
			sourceTree = "<group>";
		};
		B7CC5F8D202504CD00A625CE /* NonLinear */ = {
			isa = PBXGroup;
			children = (
			);
			path = NonLinear;
			sourceTree = "<group>";
		};
		B7E3849C202CD62A006A7407 /* Node */ = {
			isa = PBXGroup;
			children = (
				B7E384A0202CD66B006A7407 /* Node.hpp */,
				B7CC5F892024FF4E00A625CE /* Linear */,
				B7CC5F8D202504CD00A625CE /* NonLinear */,
			);
			path = Node;
			sourceTree = "<group>";
		};
		B7EABA84202A33AF0092C268 /* Testers */ = {
			isa = PBXGroup;
			children = (
				B7EABA85202A33D20092C268 /* ArrayTester.cpp */,
				B7EABA86202A33D20092C268 /* ArrayTester.hpp */,
				B7EA2D46203F5352004D873C /* LinkedListTester.cpp */,
				B7EA2D47203F5352004D873C /* LinkedListTester.hpp */,
			);
			path = Testers;
			sourceTree = "<group>";
		};
		B7EAF4362022448000A634A4 = {
			isa = PBXGroup;
			children = (
				B7EAF4412022448000A634A4 /* DataStructure */,
				B7EAF4402022448000A634A4 /* Products */,
			);
			sourceTree = "<group>";
		};
		B7EAF4402022448000A634A4 /* Products */ = {
			isa = PBXGroup;
			children = (
				B7EAF43F2022448000A634A4 /* DataStructure */,
			);
			name = Products;
			sourceTree = "<group>";
		};
		B7EAF4412022448000A634A4 /* DataStructure */ = {
			isa = PBXGroup;
			children = (
				B7EABA84202A33AF0092C268 /* Testers */,
				B7EAF44A202244AD00A634A4 /* Runner.cpp */,
				B7EAF4542022585A00A634A4 /* Data */,
				B7319A8E20225EDD003EAAB8 /* Diagrams */,
				B7EAF4492022449300A634A4 /* Controller */,
				B7319A8F20225EFA003EAAB8 /* Model */,
			);
			path = DataStructure;
			sourceTree = "<group>";
		};
		B7EAF4492022449300A634A4 /* Controller */ = {
			isa = PBXGroup;
			children = (
				B7CC5F852024EB2D00A625CE /* FileController.cpp */,
				B7CC5F862024EB2D00A625CE /* FileController.hpp */,
				B7EAF44F202246F400A634A4 /* Tools */,
			);
			path = Controller;
			sourceTree = "<group>";
		};
		B7EAF44F202246F400A634A4 /* Tools */ = {
			isa = PBXGroup;
			children = (
				B7EAF44C202244D300A634A4 /* Controller.cpp */,
				B7EAF44D202244D300A634A4 /* Controller.hpp */,
				B7EAF4502022470F00A634A4 /* Timer.cpp */,
				B7EAF4512022470F00A634A4 /* Timer.hpp */,
			);
			path = Tools;
			sourceTree = "<group>";
		};
		B7EAF4542022585A00A634A4 /* Data */ = {
			isa = PBXGroup;
			children = (
				B7CC5F842024EA8500A625CE /* crime.csv */,
				B7319A8B20225D73003EAAB8 /* CrimeData.cpp */,
				B7319A8C20225D73003EAAB8 /* CrimeData.hpp */,
			);
			path = Data;
			sourceTree = "<group>";
		};
/* End PBXGroup section */

/* Begin PBXNativeTarget section */
		B7EAF43E2022448000A634A4 /* DataStructure */ = {
			isa = PBXNativeTarget;
			buildConfigurationList = B7EAF4462022448000A634A4 /* Build configuration list for PBXNativeTarget "DataStructure" */;
			buildPhases = (
				B7EAF43B2022448000A634A4 /* Sources */,
				B7EAF43C2022448000A634A4 /* Frameworks */,
				B7EAF43D2022448000A634A4 /* CopyFiles */,
			);
			buildRules = (
			);
			dependencies = (
			);
			name = DataStructure;
			productName = DataStructure;
			productReference = B7EAF43F2022448000A634A4 /* DataStructure */;
			productType = "com.apple.product-type.tool";
		};
/* End PBXNativeTarget section */

/* Begin PBXProject section */
		B7EAF4372022448000A634A4 /* Project object */ = {
			isa = PBXProject;
			attributes = {
				LastUpgradeCheck = 0900;
				ORGANIZATIONNAME = "Martinson, Branton";
				TargetAttributes = {
					B7EAF43E2022448000A634A4 = {
						CreatedOnToolsVersion = 9.0;
						ProvisioningStyle = Automatic;
					};
				};
			};
			buildConfigurationList = B7EAF43A2022448000A634A4 /* Build configuration list for PBXProject "DataStructure" */;
			compatibilityVersion = "Xcode 8.0";
			developmentRegion = en;
			hasScannedForEncodings = 0;
			knownRegions = (
				en,
			);
			mainGroup = B7EAF4362022448000A634A4;
			productRefGroup = B7EAF4402022448000A634A4 /* Products */;
			projectDirPath = "";
			projectRoot = "";
			targets = (
				B7EAF43E2022448000A634A4 /* DataStructure */,
			);
		};
/* End PBXProject section */

/* Begin PBXSourcesBuildPhase section */
		B7EAF43B2022448000A634A4 /* Sources */ = {
			isa = PBXSourcesBuildPhase;
			buildActionMask = 2147483647;
			files = (
				B7319A8D20225D74003EAAB8 /* CrimeData.cpp in Sources */,
				B7EAF4522022470F00A634A4 /* Timer.cpp in Sources */,
				B7CC5F872024EB2D00A625CE /* FileController.cpp in Sources */,
				B7EAF44B202244AD00A634A4 /* Runner.cpp in Sources */,
				B7EA2D48203F5352004D873C /* LinkedListTester.cpp in Sources */,
				B7EABA87202A33D20092C268 /* ArrayTester.cpp in Sources */,
				B7EAF44E202244D300A634A4 /* Controller.cpp in Sources */,
			);
			runOnlyForDeploymentPostprocessing = 0;
		};
/* End PBXSourcesBuildPhase section */

/* Begin XCBuildConfiguration section */
		B7EAF4442022448000A634A4 /* Debug */ = {
			isa = XCBuildConfiguration;
			buildSettings = {
				ALWAYS_SEARCH_USER_PATHS = NO;
				CLANG_ANALYZER_NONNULL = YES;
				CLANG_ANALYZER_NUMBER_OBJECT_CONVERSION = YES_AGGRESSIVE;
				CLANG_CXX_LANGUAGE_STANDARD = "gnu++14";
				CLANG_CXX_LIBRARY = "libc++";
				CLANG_ENABLE_MODULES = YES;
				CLANG_ENABLE_OBJC_ARC = YES;
				CLANG_WARN_BLOCK_CAPTURE_AUTORELEASING = YES;
				CLANG_WARN_BOOL_CONVERSION = YES;
				CLANG_WARN_COMMA = YES;
				CLANG_WARN_CONSTANT_CONVERSION = YES;
				CLANG_WARN_DIRECT_OBJC_ISA_USAGE = YES_ERROR;
				CLANG_WARN_DOCUMENTATION_COMMENTS = YES;
				CLANG_WARN_EMPTY_BODY = YES;
				CLANG_WARN_ENUM_CONVERSION = YES;
				CLANG_WARN_INFINITE_RECURSION = YES;
				CLANG_WARN_INT_CONVERSION = YES;
				CLANG_WARN_NON_LITERAL_NULL_CONVERSION = YES;
				CLANG_WARN_OBJC_LITERAL_CONVERSION = YES;
				CLANG_WARN_OBJC_ROOT_CLASS = YES_ERROR;
				CLANG_WARN_RANGE_LOOP_ANALYSIS = YES;
				CLANG_WARN_STRICT_PROTOTYPES = YES;
				CLANG_WARN_SUSPICIOUS_MOVE = YES;
				CLANG_WARN_UNGUARDED_AVAILABILITY = YES_AGGRESSIVE;
				CLANG_WARN_UNREACHABLE_CODE = YES;
				CLANG_WARN__DUPLICATE_METHOD_MATCH = YES;
				CODE_SIGN_IDENTITY = "Mac Developer";
				COPY_PHASE_STRIP = NO;
				DEBUG_INFORMATION_FORMAT = dwarf;
				ENABLE_STRICT_OBJC_MSGSEND = YES;
				ENABLE_TESTABILITY = YES;
				GCC_C_LANGUAGE_STANDARD = gnu11;
				GCC_DYNAMIC_NO_PIC = NO;
				GCC_NO_COMMON_BLOCKS = YES;
				GCC_OPTIMIZATION_LEVEL = 0;
				GCC_PREPROCESSOR_DEFINITIONS = (
					"DEBUG=1",
					"$(inherited)",
				);
				GCC_WARN_64_TO_32_BIT_CONVERSION = YES;
				GCC_WARN_ABOUT_RETURN_TYPE = YES_ERROR;
				GCC_WARN_UNDECLARED_SELECTOR = YES;
				GCC_WARN_UNINITIALIZED_AUTOS = YES_AGGRESSIVE;
				GCC_WARN_UNUSED_FUNCTION = YES;
				GCC_WARN_UNUSED_VARIABLE = YES;
				MACOSX_DEPLOYMENT_TARGET = 10.12;
				MTL_ENABLE_DEBUG_INFO = YES;
				ONLY_ACTIVE_ARCH = YES;
				SDKROOT = macosx;
			};
			name = Debug;
		};
		B7EAF4452022448000A634A4 /* Release */ = {
			isa = XCBuildConfiguration;
			buildSettings = {
				ALWAYS_SEARCH_USER_PATHS = NO;
				CLANG_ANALYZER_NONNULL = YES;
				CLANG_ANALYZER_NUMBER_OBJECT_CONVERSION = YES_AGGRESSIVE;
				CLANG_CXX_LANGUAGE_STANDARD = "gnu++14";
				CLANG_CXX_LIBRARY = "libc++";
				CLANG_ENABLE_MODULES = YES;
				CLANG_ENABLE_OBJC_ARC = YES;
				CLANG_WARN_BLOCK_CAPTURE_AUTORELEASING = YES;
				CLANG_WARN_BOOL_CONVERSION = YES;
				CLANG_WARN_COMMA = YES;
				CLANG_WARN_CONSTANT_CONVERSION = YES;
				CLANG_WARN_DIRECT_OBJC_ISA_USAGE = YES_ERROR;
				CLANG_WARN_DOCUMENTATION_COMMENTS = YES;
				CLANG_WARN_EMPTY_BODY = YES;
				CLANG_WARN_ENUM_CONVERSION = YES;
				CLANG_WARN_INFINITE_RECURSION = YES;
				CLANG_WARN_INT_CONVERSION = YES;
				CLANG_WARN_NON_LITERAL_NULL_CONVERSION = YES;
				CLANG_WARN_OBJC_LITERAL_CONVERSION = YES;
				CLANG_WARN_OBJC_ROOT_CLASS = YES_ERROR;
				CLANG_WARN_RANGE_LOOP_ANALYSIS = YES;
				CLANG_WARN_STRICT_PROTOTYPES = YES;
				CLANG_WARN_SUSPICIOUS_MOVE = YES;
				CLANG_WARN_UNGUARDED_AVAILABILITY = YES_AGGRESSIVE;
				CLANG_WARN_UNREACHABLE_CODE = YES;
				CLANG_WARN__DUPLICATE_METHOD_MATCH = YES;
				CODE_SIGN_IDENTITY = "Mac Developer";
				COPY_PHASE_STRIP = NO;
				DEBUG_INFORMATION_FORMAT = "dwarf-with-dsym";
				ENABLE_NS_ASSERTIONS = NO;
				ENABLE_STRICT_OBJC_MSGSEND = YES;
				GCC_C_LANGUAGE_STANDARD = gnu11;
				GCC_NO_COMMON_BLOCKS = YES;
				GCC_WARN_64_TO_32_BIT_CONVERSION = YES;
				GCC_WARN_ABOUT_RETURN_TYPE = YES_ERROR;
				GCC_WARN_UNDECLARED_SELECTOR = YES;
				GCC_WARN_UNINITIALIZED_AUTOS = YES_AGGRESSIVE;
				GCC_WARN_UNUSED_FUNCTION = YES;
				GCC_WARN_UNUSED_VARIABLE = YES;
				MACOSX_DEPLOYMENT_TARGET = 10.12;
				MTL_ENABLE_DEBUG_INFO = NO;
				SDKROOT = macosx;
			};
			name = Release;
		};
		B7EAF4472022448000A634A4 /* Debug */ = {
			isa = XCBuildConfiguration;
			buildSettings = {
				CODE_SIGN_STYLE = Automatic;
				DEVELOPMENT_TEAM = 98LJQN23KF;
				PRODUCT_NAME = "$(TARGET_NAME)";
			};
			name = Debug;
		};
		B7EAF4482022448000A634A4 /* Release */ = {
			isa = XCBuildConfiguration;
			buildSettings = {
				CODE_SIGN_STYLE = Automatic;
				DEVELOPMENT_TEAM = 98LJQN23KF;
				PRODUCT_NAME = "$(TARGET_NAME)";
			};
			name = Release;
		};
/* End XCBuildConfiguration section */

/* Begin XCConfigurationList section */
		B7EAF43A2022448000A634A4 /* Build configuration list for PBXProject "DataStructure" */ = {
			isa = XCConfigurationList;
			buildConfigurations = (
				B7EAF4442022448000A634A4 /* Debug */,
				B7EAF4452022448000A634A4 /* Release */,
			);
			defaultConfigurationIsVisible = 0;
			defaultConfigurationName = Release;
		};
		B7EAF4462022448000A634A4 /* Build configuration list for PBXNativeTarget "DataStructure" */ = {
			isa = XCConfigurationList;
			buildConfigurations = (
				B7EAF4472022448000A634A4 /* Debug */,
				B7EAF4482022448000A634A4 /* Release */,
			);
			defaultConfigurationIsVisible = 0;
			defaultConfigurationName = Release;
		};
/* End XCConfigurationList section */
	};
	rootObject = B7EAF4372022448000A634A4 /* Project object */;
}
